
Microsoft Visual Studio Solution File, Format Version 12.00
# Visual Studio 15
VisualStudioVersion = 15.0.28307.271
MinimumVisualStudioVersion = 10.0.40219.1
Project("{FAE04EC0-301F-11D3-BF4B-00C04F79EFBC}") = "Lesson19", "Lesson19\Lesson19.csproj", "{CF388287-22DC-4E34-8648-08486D8D0B0E}"
EndProject
Global
	GlobalSection(SolutionConfigurationPlatforms) = preSolution
		Debug|Any CPU = Debug|Any CPU
		Release|Any CPU = Release|Any CPU
	EndGlobalSection
	GlobalSection(ProjectConfigurationPlatforms) = postSolution
		{CF388287-22DC-4E34-8648-08486D8D0B0E}.Debug|Any CPU.ActiveCfg = Debug|Any CPU
		{CF388287-22DC-4E34-8648-08486D8D0B0E}.Debug|Any CPU.Build.0 = Debug|Any CPU
		{CF388287-22DC-4E34-8648-08486D8D0B0E}.Release|Any CPU.ActiveCfg = Release|Any CPU
		{CF388287-22DC-4E34-8648-08486D8D0B0E}.Release|Any CPU.Build.0 = Release|Any CPU
	EndGlobalSection
	GlobalSection(SolutionProperties) = preSolution
		HideSolutionNode = FALSE
	EndGlobalSection
	GlobalSection(ExtensibilityGlobals) = postSolution
		SolutionGuid = {54EFB005-0F27-42AD-95E1-3ABE6E02038C}
	EndGlobalSection
EndGlobal
